
Microsoft Visual Studio Solution File, Format Version 12.00
# Visual Studio Version 17
VisualStudioVersion = 17.6.33815.320
MinimumVisualStudioVersion = 10.0.40219.1
Project("{FAE04EC0-301F-11D3-BF4B-00C04F79EFBC}") = "ponderada-zoologico", "ponderada-zoologico\ponderada-zoologico.csproj", "{2D46E6E7-4707-425A-86CE-842E0DCEBB54}"
EndProject
Project("{FAE04EC0-301F-11D3-BF4B-00C04F79EFBC}") = "ponderada-zoologico-testes", "ponderada-zoologico-testes\ponderada-zoologico-testes.csproj", "{439B6ADB-82D7-4947-A4EC-16E475EF647E}"
EndProject
Global
	GlobalSection(SolutionConfigurationPlatforms) = preSolution
		Debug|Any CPU = Debug|Any CPU
		Release|Any CPU = Release|Any CPU
	EndGlobalSection
	GlobalSection(ProjectConfigurationPlatforms) = postSolution
		{2D46E6E7-4707-425A-86CE-842E0DCEBB54}.Debug|Any CPU.ActiveCfg = Debug|Any CPU
		{2D46E6E7-4707-425A-86CE-842E0DCEBB54}.Debug|Any CPU.Build.0 = Debug|Any CPU
		{2D46E6E7-4707-425A-86CE-842E0DCEBB54}.Release|Any CPU.ActiveCfg = Release|Any CPU
		{2D46E6E7-4707-425A-86CE-842E0DCEBB54}.Release|Any CPU.Build.0 = Release|Any CPU
		{439B6ADB-82D7-4947-A4EC-16E475EF647E}.Debug|Any CPU.ActiveCfg = Debug|Any CPU
		{439B6ADB-82D7-4947-A4EC-16E475EF647E}.Debug|Any CPU.Build.0 = Debug|Any CPU
		{439B6ADB-82D7-4947-A4EC-16E475EF647E}.Release|Any CPU.ActiveCfg = Release|Any CPU
		{439B6ADB-82D7-4947-A4EC-16E475EF647E}.Release|Any CPU.Build.0 = Release|Any CPU
	EndGlobalSection
	GlobalSection(SolutionProperties) = preSolution
		HideSolutionNode = FALSE
	EndGlobalSection
	GlobalSection(ExtensibilityGlobals) = postSolution
		SolutionGuid = {37E27AA3-B788-4AC4-96C7-3A1D78A0FB1B}
	EndGlobalSection
EndGlobal
